
Microsoft Visual Studio Solution File, Format Version 12.00
# Visual Studio 15
VisualStudioVersion = 15.0.28307.779
MinimumVisualStudioVersion = 10.0.40219.1
Project("{FAE04EC0-301F-11D3-BF4B-00C04F79EFBC}") = "Spyro-Worlds-API", "Spyro-Worlds-API\Spyro-Worlds-API.csproj", "{DC0BA841-5EA7-4F86-B525-6E1EF3EC4880}"
EndProject
Global
	GlobalSection(SolutionConfigurationPlatforms) = preSolution
		Debug|Any CPU = Debug|Any CPU
		Release|Any CPU = Release|Any CPU
	EndGlobalSection
	GlobalSection(ProjectConfigurationPlatforms) = postSolution
		{DC0BA841-5EA7-4F86-B525-6E1EF3EC4880}.Debug|Any CPU.ActiveCfg = Debug|Any CPU
		{DC0BA841-5EA7-4F86-B525-6E1EF3EC4880}.Debug|Any CPU.Build.0 = Debug|Any CPU
		{DC0BA841-5EA7-4F86-B525-6E1EF3EC4880}.Release|Any CPU.ActiveCfg = Release|Any CPU
		{DC0BA841-5EA7-4F86-B525-6E1EF3EC4880}.Release|Any CPU.Build.0 = Release|Any CPU
	EndGlobalSection
	GlobalSection(SolutionProperties) = preSolution
		HideSolutionNode = FALSE
	EndGlobalSection
	GlobalSection(ExtensibilityGlobals) = postSolution
		SolutionGuid = {0C670A93-F600-4EED-B610-A06613EA590E}
	EndGlobalSection
EndGlobal
